
Microsoft Visual Studio Solution File, Format Version 12.00
# Visual Studio Version 17
VisualStudioVersion = 17.14.36518.9
MinimumVisualStudioVersion = 10.0.40219.1
Project("{FAE04EC0-301F-11D3-BF4B-00C04F79EFBC}") = "homework002Temp", "homeworkTemp\homework002Temp.csproj", "{45E2B3E9-2FCD-4B7E-BE39-5196D12C47E8}"
EndProject
Project("{FAE04EC0-301F-11D3-BF4B-00C04F79EFBC}") = "homework003Count", "homework003\homework003Count.csproj", "{67F60652-2513-43B2-A8CB-2E2ED718B693}"
EndProject
Project("{FAE04EC0-301F-11D3-BF4B-00C04F79EFBC}") = "homework004GuessNumber", "homeworkGuessNumber\homework004GuessNumber.csproj", "{48DFB255-34E7-441A-9FC0-77B3373A422B}"
EndProject
Project("{FAE04EC0-301F-11D3-BF4B-00C04F79EFBC}") = "homework005Star", "WinFormsApp1\homework005Star.csproj", "{DD4323EC-0D5F-4DCA-9B22-28E845EC4A90}"
EndProject
Project("{FAE04EC0-301F-11D3-BF4B-00C04F79EFBC}") = "homework006Tax", "homeworkTax\homework006Tax.csproj", "{F63F1F88-1BE5-4DA1-8797-FC94FE6E03C0}"
EndProject
Project("{FAE04EC0-301F-11D3-BF4B-00C04F79EFBC}") = "homework001BuildSchool", "homework001BuildSchool\homework001BuildSchool.csproj", "{FC6EC0BA-72B7-4375-8DC7-8FAFBDFBBBF2}"
EndProject
Global
	GlobalSection(SolutionConfigurationPlatforms) = preSolution
		Debug|Any CPU = Debug|Any CPU
		Release|Any CPU = Release|Any CPU
	EndGlobalSection
	GlobalSection(ProjectConfigurationPlatforms) = postSolution
		{45E2B3E9-2FCD-4B7E-BE39-5196D12C47E8}.Debug|Any CPU.ActiveCfg = Debug|Any CPU
		{45E2B3E9-2FCD-4B7E-BE39-5196D12C47E8}.Debug|Any CPU.Build.0 = Debug|Any CPU
		{45E2B3E9-2FCD-4B7E-BE39-5196D12C47E8}.Release|Any CPU.ActiveCfg = Release|Any CPU
		{45E2B3E9-2FCD-4B7E-BE39-5196D12C47E8}.Release|Any CPU.Build.0 = Release|Any CPU
		{67F60652-2513-43B2-A8CB-2E2ED718B693}.Debug|Any CPU.ActiveCfg = Debug|Any CPU
		{67F60652-2513-43B2-A8CB-2E2ED718B693}.Debug|Any CPU.Build.0 = Debug|Any CPU
		{67F60652-2513-43B2-A8CB-2E2ED718B693}.Release|Any CPU.ActiveCfg = Release|Any CPU
		{67F60652-2513-43B2-A8CB-2E2ED718B693}.Release|Any CPU.Build.0 = Release|Any CPU
		{48DFB255-34E7-441A-9FC0-77B3373A422B}.Debug|Any CPU.ActiveCfg = Debug|Any CPU
		{48DFB255-34E7-441A-9FC0-77B3373A422B}.Debug|Any CPU.Build.0 = Debug|Any CPU
		{48DFB255-34E7-441A-9FC0-77B3373A422B}.Release|Any CPU.ActiveCfg = Release|Any CPU
		{48DFB255-34E7-441A-9FC0-77B3373A422B}.Release|Any CPU.Build.0 = Release|Any CPU
		{DD4323EC-0D5F-4DCA-9B22-28E845EC4A90}.Debug|Any CPU.ActiveCfg = Debug|Any CPU
		{DD4323EC-0D5F-4DCA-9B22-28E845EC4A90}.Debug|Any CPU.Build.0 = Debug|Any CPU
		{DD4323EC-0D5F-4DCA-9B22-28E845EC4A90}.Release|Any CPU.ActiveCfg = Release|Any CPU
		{DD4323EC-0D5F-4DCA-9B22-28E845EC4A90}.Release|Any CPU.Build.0 = Release|Any CPU
		{F63F1F88-1BE5-4DA1-8797-FC94FE6E03C0}.Debug|Any CPU.ActiveCfg = Debug|Any CPU
		{F63F1F88-1BE5-4DA1-8797-FC94FE6E03C0}.Debug|Any CPU.Build.0 = Debug|Any CPU
		{F63F1F88-1BE5-4DA1-8797-FC94FE6E03C0}.Release|Any CPU.ActiveCfg = Release|Any CPU
		{F63F1F88-1BE5-4DA1-8797-FC94FE6E03C0}.Release|Any CPU.Build.0 = Release|Any CPU
		{FC6EC0BA-72B7-4375-8DC7-8FAFBDFBBBF2}.Debug|Any CPU.ActiveCfg = Debug|Any CPU
		{FC6EC0BA-72B7-4375-8DC7-8FAFBDFBBBF2}.Debug|Any CPU.Build.0 = Debug|Any CPU
		{FC6EC0BA-72B7-4375-8DC7-8FAFBDFBBBF2}.Release|Any CPU.ActiveCfg = Release|Any CPU
		{FC6EC0BA-72B7-4375-8DC7-8FAFBDFBBBF2}.Release|Any CPU.Build.0 = Release|Any CPU
	EndGlobalSection
	GlobalSection(SolutionProperties) = preSolution
		HideSolutionNode = FALSE
	EndGlobalSection
	GlobalSection(ExtensibilityGlobals) = postSolution
		SolutionGuid = {9323F46F-3D4C-476B-8A83-43182D4CDACA}
	EndGlobalSection
EndGlobal
